
Microsoft Visual Studio Solution File, Format Version 12.00
# Visual Studio Version 17
VisualStudioVersion = 17.7.34024.191
MinimumVisualStudioVersion = 10.0.40219.1
Project("{FAE04EC0-301F-11D3-BF4B-00C04F79EFBC}") = "Email test", "Email test\Email test.csproj", "{C1398582-642F-46FB-936D-633DF7C28C2F}"
EndProject
Global
	GlobalSection(SolutionConfigurationPlatforms) = preSolution
		Debug|Any CPU = Debug|Any CPU
		Release|Any CPU = Release|Any CPU
	EndGlobalSection
	GlobalSection(ProjectConfigurationPlatforms) = postSolution
		{C1398582-642F-46FB-936D-633DF7C28C2F}.Debug|Any CPU.ActiveCfg = Debug|Any CPU
		{C1398582-642F-46FB-936D-633DF7C28C2F}.Debug|Any CPU.Build.0 = Debug|Any CPU
		{C1398582-642F-46FB-936D-633DF7C28C2F}.Release|Any CPU.ActiveCfg = Release|Any CPU
		{C1398582-642F-46FB-936D-633DF7C28C2F}.Release|Any CPU.Build.0 = Release|Any CPU
	EndGlobalSection
	GlobalSection(SolutionProperties) = preSolution
		HideSolutionNode = FALSE
	EndGlobalSection
	GlobalSection(ExtensibilityGlobals) = postSolution
		SolutionGuid = {4D7EB5AC-B37D-4A83-B42E-7C0C5B856EBF}
	EndGlobalSection
EndGlobal
