
Microsoft Visual Studio Solution File, Format Version 12.00
# Visual Studio Version 17
VisualStudioVersion = 17.7.34024.191
MinimumVisualStudioVersion = 10.0.40219.1
Project("{FAE04EC0-301F-11D3-BF4B-00C04F79EFBC}") = "WebApplication3", "WebApplication3\WebApplication3.csproj", "{96D7F932-1265-420D-9B9D-B244DA2A827E}"
EndProject
Global
	GlobalSection(SolutionConfigurationPlatforms) = preSolution
		Debug|Any CPU = Debug|Any CPU
		Release|Any CPU = Release|Any CPU
	EndGlobalSection
	GlobalSection(ProjectConfigurationPlatforms) = postSolution
		{96D7F932-1265-420D-9B9D-B244DA2A827E}.Debug|Any CPU.ActiveCfg = Debug|Any CPU
		{96D7F932-1265-420D-9B9D-B244DA2A827E}.Debug|Any CPU.Build.0 = Debug|Any CPU
		{96D7F932-1265-420D-9B9D-B244DA2A827E}.Release|Any CPU.ActiveCfg = Release|Any CPU
		{96D7F932-1265-420D-9B9D-B244DA2A827E}.Release|Any CPU.Build.0 = Release|Any CPU
	EndGlobalSection
	GlobalSection(SolutionProperties) = preSolution
		HideSolutionNode = FALSE
	EndGlobalSection
	GlobalSection(ExtensibilityGlobals) = postSolution
		SolutionGuid = {576970A6-DF3B-4BB5-87E8-C1D6A5C6E992}
	EndGlobalSection
EndGlobal
