
Microsoft Visual Studio Solution File, Format Version 12.00
# Visual Studio Version 17
VisualStudioVersion = 17.7.34024.191
MinimumVisualStudioVersion = 10.0.40219.1
Project("{FAE04EC0-301F-11D3-BF4B-00C04F79EFBC}") = "Unit4", "Unit4\Unit4.csproj", "{F00473DF-0B20-4501-B573-5208262FCD96}"
EndProject
Global
	GlobalSection(SolutionConfigurationPlatforms) = preSolution
		Debug|Any CPU = Debug|Any CPU
		Release|Any CPU = Release|Any CPU
	EndGlobalSection
	GlobalSection(ProjectConfigurationPlatforms) = postSolution
		{F00473DF-0B20-4501-B573-5208262FCD96}.Debug|Any CPU.ActiveCfg = Debug|Any CPU
		{F00473DF-0B20-4501-B573-5208262FCD96}.Debug|Any CPU.Build.0 = Debug|Any CPU
		{F00473DF-0B20-4501-B573-5208262FCD96}.Release|Any CPU.ActiveCfg = Release|Any CPU
		{F00473DF-0B20-4501-B573-5208262FCD96}.Release|Any CPU.Build.0 = Release|Any CPU
	EndGlobalSection
	GlobalSection(SolutionProperties) = preSolution
		HideSolutionNode = FALSE
	EndGlobalSection
	GlobalSection(ExtensibilityGlobals) = postSolution
		SolutionGuid = {1796F976-535E-4CFB-BB4C-F030FD16DE5A}
	EndGlobalSection
EndGlobal
