
Microsoft Visual Studio Solution File, Format Version 12.00
# Visual Studio Version 17
VisualStudioVersion = 17.7.34024.191
MinimumVisualStudioVersion = 10.0.40219.1
Project("{FAE04EC0-301F-11D3-BF4B-00C04F79EFBC}") = "Exercise1", "Exercise1\Exercise1.csproj", "{EC87198B-D7B1-4EE0-BD39-2E1ACEEFD5BB}"
EndProject
Global
	GlobalSection(SolutionConfigurationPlatforms) = preSolution
		Debug|Any CPU = Debug|Any CPU
		Release|Any CPU = Release|Any CPU
	EndGlobalSection
	GlobalSection(ProjectConfigurationPlatforms) = postSolution
		{EC87198B-D7B1-4EE0-BD39-2E1ACEEFD5BB}.Debug|Any CPU.ActiveCfg = Debug|Any CPU
		{EC87198B-D7B1-4EE0-BD39-2E1ACEEFD5BB}.Debug|Any CPU.Build.0 = Debug|Any CPU
		{EC87198B-D7B1-4EE0-BD39-2E1ACEEFD5BB}.Release|Any CPU.ActiveCfg = Release|Any CPU
		{EC87198B-D7B1-4EE0-BD39-2E1ACEEFD5BB}.Release|Any CPU.Build.0 = Release|Any CPU
	EndGlobalSection
	GlobalSection(SolutionProperties) = preSolution
		HideSolutionNode = FALSE
	EndGlobalSection
	GlobalSection(ExtensibilityGlobals) = postSolution
		SolutionGuid = {10A3E350-A63A-4D12-969B-59F811597D9A}
	EndGlobalSection
EndGlobal
