
Microsoft Visual Studio Solution File, Format Version 12.00
# Visual Studio Version 17
VisualStudioVersion = 17.7.34024.191
MinimumVisualStudioVersion = 10.0.40219.1
Project("{FAE04EC0-301F-11D3-BF4B-00C04F79EFBC}") = "Exercis for data base", "Exercis for data base\Exercis for data base.csproj", "{B8AF7503-469D-42F4-A969-3010D3BEFB95}"
EndProject
Global
	GlobalSection(SolutionConfigurationPlatforms) = preSolution
		Debug|Any CPU = Debug|Any CPU
		Release|Any CPU = Release|Any CPU
	EndGlobalSection
	GlobalSection(ProjectConfigurationPlatforms) = postSolution
		{B8AF7503-469D-42F4-A969-3010D3BEFB95}.Debug|Any CPU.ActiveCfg = Debug|Any CPU
		{B8AF7503-469D-42F4-A969-3010D3BEFB95}.Debug|Any CPU.Build.0 = Debug|Any CPU
		{B8AF7503-469D-42F4-A969-3010D3BEFB95}.Release|Any CPU.ActiveCfg = Release|Any CPU
		{B8AF7503-469D-42F4-A969-3010D3BEFB95}.Release|Any CPU.Build.0 = Release|Any CPU
	EndGlobalSection
	GlobalSection(SolutionProperties) = preSolution
		HideSolutionNode = FALSE
	EndGlobalSection
	GlobalSection(ExtensibilityGlobals) = postSolution
		SolutionGuid = {ED5F7A8B-2B12-4761-9D77-0871872DF86D}
	EndGlobalSection
EndGlobal
